
Microsoft Visual Studio Solution File, Format Version 12.00
# Visual Studio Version 17
VisualStudioVersion = 17.13.35931.197 d17.13
MinimumVisualStudioVersion = 10.0.40219.1
Project("{FAE04EC0-301F-11D3-BF4B-00C04F79EFBC}") = "SchoolMedicalSystem", "SchoolMedicalSystem\SchoolMedicalSystem.csproj", "{90F07A05-9A06-4CB8-A79F-4CE9AAA8A8D2}"
EndProject
Project("{FAE04EC0-301F-11D3-BF4B-00C04F79EFBC}") = "DataAccessLayer", "DataAccessLayer\DataAccessLayer.csproj", "{67CE6235-4B40-46DE-9260-2C581D4AE87C}"
EndProject
Project("{FAE04EC0-301F-11D3-BF4B-00C04F79EFBC}") = "BussinessLayer", "BussinessLayer\BussinessLayer.csproj", "{2823E34F-FEC2-49A4-9361-3A348EA533B3}"
EndProject
Global
	GlobalSection(SolutionConfigurationPlatforms) = preSolution
		Debug|Any CPU = Debug|Any CPU
		Release|Any CPU = Release|Any CPU
	EndGlobalSection
	GlobalSection(ProjectConfigurationPlatforms) = postSolution
		{90F07A05-9A06-4CB8-A79F-4CE9AAA8A8D2}.Debug|Any CPU.ActiveCfg = Debug|Any CPU
		{90F07A05-9A06-4CB8-A79F-4CE9AAA8A8D2}.Debug|Any CPU.Build.0 = Debug|Any CPU
		{90F07A05-9A06-4CB8-A79F-4CE9AAA8A8D2}.Release|Any CPU.ActiveCfg = Release|Any CPU
		{90F07A05-9A06-4CB8-A79F-4CE9AAA8A8D2}.Release|Any CPU.Build.0 = Release|Any CPU
		{67CE6235-4B40-46DE-9260-2C581D4AE87C}.Debug|Any CPU.ActiveCfg = Debug|Any CPU
		{67CE6235-4B40-46DE-9260-2C581D4AE87C}.Debug|Any CPU.Build.0 = Debug|Any CPU
		{67CE6235-4B40-46DE-9260-2C581D4AE87C}.Release|Any CPU.ActiveCfg = Release|Any CPU
		{67CE6235-4B40-46DE-9260-2C581D4AE87C}.Release|Any CPU.Build.0 = Release|Any CPU
		{2823E34F-FEC2-49A4-9361-3A348EA533B3}.Debug|Any CPU.ActiveCfg = Debug|Any CPU
		{2823E34F-FEC2-49A4-9361-3A348EA533B3}.Debug|Any CPU.Build.0 = Debug|Any CPU
		{2823E34F-FEC2-49A4-9361-3A348EA533B3}.Release|Any CPU.ActiveCfg = Release|Any CPU
		{2823E34F-FEC2-49A4-9361-3A348EA533B3}.Release|Any CPU.Build.0 = Release|Any CPU
	EndGlobalSection
	GlobalSection(SolutionProperties) = preSolution
		HideSolutionNode = FALSE
	EndGlobalSection
	GlobalSection(ExtensibilityGlobals) = postSolution
		SolutionGuid = {42F9F20E-7BBF-4112-9873-63C95E4BAF04}
	EndGlobalSection
EndGlobal
